{
  "name": "webfront",
  "version": "1.5.1",
  "lockfileVersion": 2,
  "requires": true,
  "packages": {
    "": {
      "name": "webfront",
      "version": "1.5.1",
      "license": "MIT",
      "dependencies": {
        "js-confetti": "^0.11.0",
        "nord": "^0.2.1"
      }
    },
    "node_modules/js-confetti": {
      "version": "0.11.0",
      "resolved": "https://registry.npmjs.org/js-confetti/-/js-confetti-0.11.0.tgz",
      "integrity": "sha512-Hc7I3VI4r4H0nq5q/oQK+JJwGoYRYVHK72fGk8E9Ay1dbh+aiZ9yl0yFp1K4oYeq7YFDQAndYChwqLPA3QWQuA=="
    },
    "node_modules/nord": {
      "version": "0.2.1",
      "resolved": "https://registry.npmjs.org/nord/-/nord-0.2.1.tgz",
      "integrity": "sha512-/AD7JGJbcp1pB5XwYkJyivqdeXofUP5u2lkif6vLGLc+SsV9OCC0JFNpVwM5pqHuFqbyojRt6xILuidJOwwJDQ=="
    }
  },
  "dependencies": {
    "js-confetti": {
      "version": "0.11.0",
      "resolved": "https://registry.npmjs.org/js-confetti/-/js-confetti-0.11.0.tgz",
      "integrity": "sha512-Hc7I3VI4r4H0nq5q/oQK+JJwGoYRYVHK72fGk8E9Ay1dbh+aiZ9yl0yFp1K4oYeq7YFDQAndYChwqLPA3QWQuA=="
    },
    "nord": {
      "version": "0.2.1",
      "resolved": "https://registry.npmjs.org/nord/-/nord-0.2.1.tgz",
      "integrity": "sha512-/AD7JGJbcp1pB5XwYkJyivqdeXofUP5u2lkif6vLGLc+SsV9OCC0JFNpVwM5pqHuFqbyojRt6xILuidJOwwJDQ=="
    }
  }
}
