{
  "name": "webfront",
  "version": "1.5.1",
  "lockfileVersion": 2,
  "requires": true,
  "packages": {
    "": {
      "name": "webfront",
      "version": "1.5.1",
      "license": "MIT",
      "dependencies": {
        "nord": "^0.2.1"
      },
      "devDependencies": {}
    },
    "node_modules/nord": {
      "version": "0.2.1",
      "resolved": "https://registry.npmjs.org/nord/-/nord-0.2.1.tgz",
      "integrity": "sha512-/AD7JGJbcp1pB5XwYkJyivqdeXofUP5u2lkif6vLGLc+SsV9OCC0JFNpVwM5pqHuFqbyojRt6xILuidJOwwJDQ=="
    }
  },
  "dependencies": {
    "nord": {
      "version": "0.2.1",
      "resolved": "https://registry.npmjs.org/nord/-/nord-0.2.1.tgz",
      "integrity": "sha512-/AD7JGJbcp1pB5XwYkJyivqdeXofUP5u2lkif6vLGLc+SsV9OCC0JFNpVwM5pqHuFqbyojRt6xILuidJOwwJDQ=="
    }
  }
}
